
Microsoft Visual Studio Solution File, Format Version 12.00
# Visual Studio Version 17
VisualStudioVersion = 17.7.34024.191
MinimumVisualStudioVersion = 10.0.40219.1
Project("{FAE04EC0-301F-11D3-BF4B-00C04F79EFBC}") = "SLAR Solver", "SLAR Solver.csproj", "{2C7631EE-0283-436A-9C47-64C4DE393020}"
EndProject
Global
	GlobalSection(SolutionConfigurationPlatforms) = preSolution
		Debug|Any CPU = Debug|Any CPU
		Release|Any CPU = Release|Any CPU
	EndGlobalSection
	GlobalSection(ProjectConfigurationPlatforms) = postSolution
		{2C7631EE-0283-436A-9C47-64C4DE393020}.Debug|Any CPU.ActiveCfg = Debug|Any CPU
		{2C7631EE-0283-436A-9C47-64C4DE393020}.Debug|Any CPU.Build.0 = Debug|Any CPU
		{2C7631EE-0283-436A-9C47-64C4DE393020}.Release|Any CPU.ActiveCfg = Release|Any CPU
		{2C7631EE-0283-436A-9C47-64C4DE393020}.Release|Any CPU.Build.0 = Release|Any CPU
	EndGlobalSection
	GlobalSection(SolutionProperties) = preSolution
		HideSolutionNode = FALSE
	EndGlobalSection
	GlobalSection(ExtensibilityGlobals) = postSolution
		SolutionGuid = {290A3DE2-AF05-4352-8CF1-D30E91C70A37}
	EndGlobalSection
EndGlobal
